
Microsoft Visual Studio Solution File, Format Version 12.00
# Visual Studio Version 17
VisualStudioVersion = 17.11.35208.52
MinimumVisualStudioVersion = 10.0.40219.1
Project("{FAE04EC0-301F-11D3-BF4B-00C04F79EFBC}") = "TestFramework1", "TestFramework1.csproj", "{98D41168-A670-49B5-A3CD-73BAE822F814}"
EndProject
Global
	GlobalSection(SolutionConfigurationPlatforms) = preSolution
		Debug|Any CPU = Debug|Any CPU
		Release|Any CPU = Release|Any CPU
	EndGlobalSection
	GlobalSection(ProjectConfigurationPlatforms) = postSolution
		{98D41168-A670-49B5-A3CD-73BAE822F814}.Debug|Any CPU.ActiveCfg = Debug|Any CPU
		{98D41168-A670-49B5-A3CD-73BAE822F814}.Debug|Any CPU.Build.0 = Debug|Any CPU
		{98D41168-A670-49B5-A3CD-73BAE822F814}.Release|Any CPU.ActiveCfg = Release|Any CPU
		{98D41168-A670-49B5-A3CD-73BAE822F814}.Release|Any CPU.Build.0 = Release|Any CPU
	EndGlobalSection
	GlobalSection(SolutionProperties) = preSolution
		HideSolutionNode = FALSE
	EndGlobalSection
	GlobalSection(ExtensibilityGlobals) = postSolution
		SolutionGuid = {4D0EC40A-7003-4121-8B0D-D5468E53A45C}
	EndGlobalSection
EndGlobal
